{
  "requires": true,
  "lockfileVersion": 1,
  "dependencies": {
    "matter-attractors": {
      "version": "0.1.6",
      "resolved": "https://registry.npmjs.org/matter-attractors/-/matter-attractors-0.1.6.tgz",
      "integrity": "sha1-+HuhMvts8eWPJnxtj/xZB2hoOYk="
    },
    "matter-js": {
      "version": "0.14.1",
      "resolved": "https://registry.npmjs.org/matter-js/-/matter-js-0.14.1.tgz",
      "integrity": "sha512-qbPBf5NpjPfNlxiRXpoJHAnMMF4WNP22mRhkas0hsUnVTztFBt3QpxRChEws4j1YuaH2bCXEd2i4qmRwADqyuA==",
      "requires": {
        "matter-attractors": "0.1.6"
      }
    }
  }
}
